
Microsoft Visual Studio Solution File, Format Version 12.00
# Visual Studio Version 16
VisualStudioVersion = 16.0.31313.79
MinimumVisualStudioVersion = 10.0.40219.1
Project("{FAE04EC0-301F-11D3-BF4B-00C04F79EFBC}") = "FinalF21", "FinalF21\FinalF21.csproj", "{0FEA1CFE-E25E-461C-8A73-85DCF2F6AB45}"
EndProject
Global
	GlobalSection(SolutionConfigurationPlatforms) = preSolution
		Debug|Any CPU = Debug|Any CPU
		Release|Any CPU = Release|Any CPU
	EndGlobalSection
	GlobalSection(ProjectConfigurationPlatforms) = postSolution
		{0FEA1CFE-E25E-461C-8A73-85DCF2F6AB45}.Debug|Any CPU.ActiveCfg = Debug|Any CPU
		{0FEA1CFE-E25E-461C-8A73-85DCF2F6AB45}.Debug|Any CPU.Build.0 = Debug|Any CPU
		{0FEA1CFE-E25E-461C-8A73-85DCF2F6AB45}.Release|Any CPU.ActiveCfg = Release|Any CPU
		{0FEA1CFE-E25E-461C-8A73-85DCF2F6AB45}.Release|Any CPU.Build.0 = Release|Any CPU
	EndGlobalSection
	GlobalSection(SolutionProperties) = preSolution
		HideSolutionNode = FALSE
	EndGlobalSection
	GlobalSection(ExtensibilityGlobals) = postSolution
		SolutionGuid = {9CC5EE4A-3BC7-4E9D-BBAD-8F3DF9093CCF}
	EndGlobalSection
EndGlobal
